
Microsoft Visual Studio Solution File, Format Version 12.00
# Visual Studio 15
VisualStudioVersion = 15.0.28307.572
MinimumVisualStudioVersion = 10.0.40219.1
Project("{FAE04EC0-301F-11D3-BF4B-00C04F79EFBC}") = "Farol", "Farol\Farol.csproj", "{5F759950-6D60-4C25-B17D-0AD00721CB32}"
EndProject
Project("{2150E333-8FDC-42A3-9474-1A3956D46DE8}") = "Tests", "Tests", "{95B8511F-D889-4EE9-B0F1-61B72F576711}"
EndProject
Project("{FAE04EC0-301F-11D3-BF4B-00C04F79EFBC}") = "XmlReaderTest", "XmlReaderTest\XmlReaderTest.csproj", "{17EEDB1C-DE26-4F66-9453-FCA73F8D8512}"
EndProject
Global
	GlobalSection(SolutionConfigurationPlatforms) = preSolution
		Debug|Any CPU = Debug|Any CPU
		Release|Any CPU = Release|Any CPU
	EndGlobalSection
	GlobalSection(ProjectConfigurationPlatforms) = postSolution
		{5F759950-6D60-4C25-B17D-0AD00721CB32}.Debug|Any CPU.ActiveCfg = Debug|Any CPU
		{5F759950-6D60-4C25-B17D-0AD00721CB32}.Debug|Any CPU.Build.0 = Debug|Any CPU
		{5F759950-6D60-4C25-B17D-0AD00721CB32}.Release|Any CPU.ActiveCfg = Release|Any CPU
		{5F759950-6D60-4C25-B17D-0AD00721CB32}.Release|Any CPU.Build.0 = Release|Any CPU
		{17EEDB1C-DE26-4F66-9453-FCA73F8D8512}.Debug|Any CPU.ActiveCfg = Debug|Any CPU
		{17EEDB1C-DE26-4F66-9453-FCA73F8D8512}.Debug|Any CPU.Build.0 = Debug|Any CPU
		{17EEDB1C-DE26-4F66-9453-FCA73F8D8512}.Release|Any CPU.ActiveCfg = Release|Any CPU
		{17EEDB1C-DE26-4F66-9453-FCA73F8D8512}.Release|Any CPU.Build.0 = Release|Any CPU
	EndGlobalSection
	GlobalSection(SolutionProperties) = preSolution
		HideSolutionNode = FALSE
	EndGlobalSection
	GlobalSection(NestedProjects) = preSolution
		{17EEDB1C-DE26-4F66-9453-FCA73F8D8512} = {95B8511F-D889-4EE9-B0F1-61B72F576711}
	EndGlobalSection
	GlobalSection(ExtensibilityGlobals) = postSolution
		SolutionGuid = {86725B06-E7BD-4FF7-8553-A3C95B891C20}
	EndGlobalSection
EndGlobal
